
Microsoft Visual Studio Solution File, Format Version 12.00
# Visual Studio Version 17
VisualStudioVersion = 17.7.34031.279
MinimumVisualStudioVersion = 10.0.40219.1
Project("{FAE04EC0-301F-11D3-BF4B-00C04F79EFBC}") = "Questão02", "Questão02\Questão02.csproj", "{9FFDCA45-AEDC-4DDA-8E81-F0EBE4F719C2}"
EndProject
Global
	GlobalSection(SolutionConfigurationPlatforms) = preSolution
		Debug|Any CPU = Debug|Any CPU
		Release|Any CPU = Release|Any CPU
	EndGlobalSection
	GlobalSection(ProjectConfigurationPlatforms) = postSolution
		{9FFDCA45-AEDC-4DDA-8E81-F0EBE4F719C2}.Debug|Any CPU.ActiveCfg = Debug|Any CPU
		{9FFDCA45-AEDC-4DDA-8E81-F0EBE4F719C2}.Debug|Any CPU.Build.0 = Debug|Any CPU
		{9FFDCA45-AEDC-4DDA-8E81-F0EBE4F719C2}.Release|Any CPU.ActiveCfg = Release|Any CPU
		{9FFDCA45-AEDC-4DDA-8E81-F0EBE4F719C2}.Release|Any CPU.Build.0 = Release|Any CPU
	EndGlobalSection
	GlobalSection(SolutionProperties) = preSolution
		HideSolutionNode = FALSE
	EndGlobalSection
	GlobalSection(ExtensibilityGlobals) = postSolution
		SolutionGuid = {8AD546D7-4F0B-46D8-8369-0D45B2EE7752}
	EndGlobalSection
EndGlobal
